
Microsoft Visual Studio Solution File, Format Version 12.00
# Visual Studio Version 16
VisualStudioVersion = 16.0.30611.23
MinimumVisualStudioVersion = 10.0.40219.1
Project("{2150E333-8FDC-42A3-9474-1A3956D46DE8}") = "src", "src", "{A36D4F97-E037-4E6F-BA3A-133BFAC3532B}"
EndProject
Project("{2150E333-8FDC-42A3-9474-1A3956D46DE8}") = "Building blocks", "Building blocks", "{F558FF8D-BB17-47DE-842D-405A3DB73FC0}"
EndProject
Project("{2150E333-8FDC-42A3-9474-1A3956D46DE8}") = "Services", "Services", "{AD24D32C-23E1-4006-8B82-BFEAFA89027C}"
EndProject
Project("{2150E333-8FDC-42A3-9474-1A3956D46DE8}") = "Web", "Web", "{A0D35549-46C9-425B-A38E-AE8F63163C0E}"
EndProject
Project("{2150E333-8FDC-42A3-9474-1A3956D46DE8}") = "Identidade", "Identidade", "{E4B17E46-A876-4A8C-B9C9-5CE054FE79AD}"
EndProject
Project("{FAE04EC0-301F-11D3-BF4B-00C04F79EFBC}") = "NSE.Identidade.API", "src\services\NSE.Identidade.API\NSE.Identidade.API.csproj", "{C536926E-0D05-4AEC-ADFB-BD69E49821D7}"
EndProject
Project("{2150E333-8FDC-42A3-9474-1A3956D46DE8}") = "MVC", "MVC", "{4929CB4C-E2B8-4B85-B45D-2911A74B8333}"
EndProject
Project("{FAE04EC0-301F-11D3-BF4B-00C04F79EFBC}") = "NSE.WebApp.MVC", "src\web\NSE.WebApp.MVC\NSE.WebApp.MVC.csproj", "{C60BC543-B056-4B7A-B6C0-84B016524780}"
EndProject
Project("{2150E333-8FDC-42A3-9474-1A3956D46DE8}") = "Core", "Core", "{3B81F8DB-4411-4CD3-842D-9C844232E0F6}"
EndProject
Project("{FAE04EC0-301F-11D3-BF4B-00C04F79EFBC}") = "NSE.Core", "src\building blocks\NSE.Core\NSE.Core.csproj", "{F0093C91-D452-488B-8D66-4B5BDAF7B647}"
EndProject
Project("{2150E333-8FDC-42A3-9474-1A3956D46DE8}") = "Carrinho", "Carrinho", "{31991CDC-E67A-48A4-B355-FA2893831319}"
EndProject
Project("{2150E333-8FDC-42A3-9474-1A3956D46DE8}") = "Catalogo", "Catalogo", "{43ECC3F6-392A-4310-89BD-779F94471FB1}"
EndProject
Project("{2150E333-8FDC-42A3-9474-1A3956D46DE8}") = "Cliente", "Cliente", "{CD6CF2CF-2AEE-4D52-929F-30473B34D910}"
EndProject
Project("{2150E333-8FDC-42A3-9474-1A3956D46DE8}") = "Pagamento", "Pagamento", "{053A38E3-8B99-4EF0-B7C6-1B09595ACF98}"
EndProject
Project("{2150E333-8FDC-42A3-9474-1A3956D46DE8}") = "Pedido", "Pedido", "{FB54ADF5-2AC9-4068-BF5F-2770CDBD9A36}"
EndProject
Project("{FAE04EC0-301F-11D3-BF4B-00C04F79EFBC}") = "NSE.Carrinho.API", "src\services\NSE.Carrinho.API\NSE.Carrinho.API.csproj", "{BB16A649-4B57-48DF-ACFA-FA6E0D153720}"
EndProject
Project("{FAE04EC0-301F-11D3-BF4B-00C04F79EFBC}") = "NSE.Catalogo.API", "src\services\NSE.Catalogo.API\NSE.Catalogo.API.csproj", "{C58F8546-FDDB-4ACA-A832-675CB53F6C01}"
EndProject
Project("{FAE04EC0-301F-11D3-BF4B-00C04F79EFBC}") = "NSE.Cliente.API", "src\services\NSE.Cliente.API\NSE.Cliente.API.csproj", "{2D57D555-A268-4F65-9F33-D235E664EA1D}"
EndProject
Project("{FAE04EC0-301F-11D3-BF4B-00C04F79EFBC}") = "NSE.Pagamento.API", "src\services\NSE.Pagamento.API\NSE.Pagamento.API.csproj", "{2E537C98-DF38-47DD-8297-265010B55D0B}"
EndProject
Project("{FAE04EC0-301F-11D3-BF4B-00C04F79EFBC}") = "NSE.Pedido.API", "src\services\NSE.Pedido.API\NSE.Pedido.API.csproj", "{8F98A4E1-DB05-47FC-8A9B-CB6CE27A592D}"
EndProject
Global
	GlobalSection(SolutionConfigurationPlatforms) = preSolution
		Debug|Any CPU = Debug|Any CPU
		Release|Any CPU = Release|Any CPU
	EndGlobalSection
	GlobalSection(ProjectConfigurationPlatforms) = postSolution
		{C536926E-0D05-4AEC-ADFB-BD69E49821D7}.Debug|Any CPU.ActiveCfg = Debug|Any CPU
		{C536926E-0D05-4AEC-ADFB-BD69E49821D7}.Debug|Any CPU.Build.0 = Debug|Any CPU
		{C536926E-0D05-4AEC-ADFB-BD69E49821D7}.Release|Any CPU.ActiveCfg = Release|Any CPU
		{C536926E-0D05-4AEC-ADFB-BD69E49821D7}.Release|Any CPU.Build.0 = Release|Any CPU
		{C60BC543-B056-4B7A-B6C0-84B016524780}.Debug|Any CPU.ActiveCfg = Debug|Any CPU
		{C60BC543-B056-4B7A-B6C0-84B016524780}.Debug|Any CPU.Build.0 = Debug|Any CPU
		{C60BC543-B056-4B7A-B6C0-84B016524780}.Release|Any CPU.ActiveCfg = Release|Any CPU
		{C60BC543-B056-4B7A-B6C0-84B016524780}.Release|Any CPU.Build.0 = Release|Any CPU
		{F0093C91-D452-488B-8D66-4B5BDAF7B647}.Debug|Any CPU.ActiveCfg = Debug|Any CPU
		{F0093C91-D452-488B-8D66-4B5BDAF7B647}.Debug|Any CPU.Build.0 = Debug|Any CPU
		{F0093C91-D452-488B-8D66-4B5BDAF7B647}.Release|Any CPU.ActiveCfg = Release|Any CPU
		{F0093C91-D452-488B-8D66-4B5BDAF7B647}.Release|Any CPU.Build.0 = Release|Any CPU
		{BB16A649-4B57-48DF-ACFA-FA6E0D153720}.Debug|Any CPU.ActiveCfg = Debug|Any CPU
		{BB16A649-4B57-48DF-ACFA-FA6E0D153720}.Debug|Any CPU.Build.0 = Debug|Any CPU
		{BB16A649-4B57-48DF-ACFA-FA6E0D153720}.Release|Any CPU.ActiveCfg = Release|Any CPU
		{BB16A649-4B57-48DF-ACFA-FA6E0D153720}.Release|Any CPU.Build.0 = Release|Any CPU
		{C58F8546-FDDB-4ACA-A832-675CB53F6C01}.Debug|Any CPU.ActiveCfg = Debug|Any CPU
		{C58F8546-FDDB-4ACA-A832-675CB53F6C01}.Debug|Any CPU.Build.0 = Debug|Any CPU
		{C58F8546-FDDB-4ACA-A832-675CB53F6C01}.Release|Any CPU.ActiveCfg = Release|Any CPU
		{C58F8546-FDDB-4ACA-A832-675CB53F6C01}.Release|Any CPU.Build.0 = Release|Any CPU
		{2D57D555-A268-4F65-9F33-D235E664EA1D}.Debug|Any CPU.ActiveCfg = Debug|Any CPU
		{2D57D555-A268-4F65-9F33-D235E664EA1D}.Debug|Any CPU.Build.0 = Debug|Any CPU
		{2D57D555-A268-4F65-9F33-D235E664EA1D}.Release|Any CPU.ActiveCfg = Release|Any CPU
		{2D57D555-A268-4F65-9F33-D235E664EA1D}.Release|Any CPU.Build.0 = Release|Any CPU
		{2E537C98-DF38-47DD-8297-265010B55D0B}.Debug|Any CPU.ActiveCfg = Debug|Any CPU
		{2E537C98-DF38-47DD-8297-265010B55D0B}.Debug|Any CPU.Build.0 = Debug|Any CPU
		{2E537C98-DF38-47DD-8297-265010B55D0B}.Release|Any CPU.ActiveCfg = Release|Any CPU
		{2E537C98-DF38-47DD-8297-265010B55D0B}.Release|Any CPU.Build.0 = Release|Any CPU
		{8F98A4E1-DB05-47FC-8A9B-CB6CE27A592D}.Debug|Any CPU.ActiveCfg = Debug|Any CPU
		{8F98A4E1-DB05-47FC-8A9B-CB6CE27A592D}.Debug|Any CPU.Build.0 = Debug|Any CPU
		{8F98A4E1-DB05-47FC-8A9B-CB6CE27A592D}.Release|Any CPU.ActiveCfg = Release|Any CPU
		{8F98A4E1-DB05-47FC-8A9B-CB6CE27A592D}.Release|Any CPU.Build.0 = Release|Any CPU
	EndGlobalSection
	GlobalSection(SolutionProperties) = preSolution
		HideSolutionNode = FALSE
	EndGlobalSection
	GlobalSection(NestedProjects) = preSolution
		{F558FF8D-BB17-47DE-842D-405A3DB73FC0} = {A36D4F97-E037-4E6F-BA3A-133BFAC3532B}
		{AD24D32C-23E1-4006-8B82-BFEAFA89027C} = {A36D4F97-E037-4E6F-BA3A-133BFAC3532B}
		{A0D35549-46C9-425B-A38E-AE8F63163C0E} = {A36D4F97-E037-4E6F-BA3A-133BFAC3532B}
		{E4B17E46-A876-4A8C-B9C9-5CE054FE79AD} = {AD24D32C-23E1-4006-8B82-BFEAFA89027C}
		{C536926E-0D05-4AEC-ADFB-BD69E49821D7} = {E4B17E46-A876-4A8C-B9C9-5CE054FE79AD}
		{4929CB4C-E2B8-4B85-B45D-2911A74B8333} = {A0D35549-46C9-425B-A38E-AE8F63163C0E}
		{C60BC543-B056-4B7A-B6C0-84B016524780} = {4929CB4C-E2B8-4B85-B45D-2911A74B8333}
		{3B81F8DB-4411-4CD3-842D-9C844232E0F6} = {F558FF8D-BB17-47DE-842D-405A3DB73FC0}
		{F0093C91-D452-488B-8D66-4B5BDAF7B647} = {3B81F8DB-4411-4CD3-842D-9C844232E0F6}
		{31991CDC-E67A-48A4-B355-FA2893831319} = {AD24D32C-23E1-4006-8B82-BFEAFA89027C}
		{43ECC3F6-392A-4310-89BD-779F94471FB1} = {AD24D32C-23E1-4006-8B82-BFEAFA89027C}
		{CD6CF2CF-2AEE-4D52-929F-30473B34D910} = {AD24D32C-23E1-4006-8B82-BFEAFA89027C}
		{053A38E3-8B99-4EF0-B7C6-1B09595ACF98} = {AD24D32C-23E1-4006-8B82-BFEAFA89027C}
		{FB54ADF5-2AC9-4068-BF5F-2770CDBD9A36} = {AD24D32C-23E1-4006-8B82-BFEAFA89027C}
		{BB16A649-4B57-48DF-ACFA-FA6E0D153720} = {31991CDC-E67A-48A4-B355-FA2893831319}
		{C58F8546-FDDB-4ACA-A832-675CB53F6C01} = {43ECC3F6-392A-4310-89BD-779F94471FB1}
		{2D57D555-A268-4F65-9F33-D235E664EA1D} = {CD6CF2CF-2AEE-4D52-929F-30473B34D910}
		{2E537C98-DF38-47DD-8297-265010B55D0B} = {053A38E3-8B99-4EF0-B7C6-1B09595ACF98}
		{8F98A4E1-DB05-47FC-8A9B-CB6CE27A592D} = {FB54ADF5-2AC9-4068-BF5F-2770CDBD9A36}
	EndGlobalSection
	GlobalSection(ExtensibilityGlobals) = postSolution
		SolutionGuid = {64CB8E4E-EAFE-4F7C-B777-FEB2908FD867}
	EndGlobalSection
EndGlobal
